{
  "version": 4,
  "terraform_version": "1.5.0",
  "serial": 7,
  "lineage": "90e59c0e-f96e-c3a4-44d5-c012fa94e0fe",
  "outputs": {},
  "resources": [
    {
      "mode": "data",
      "type": "aws_ami",
      "name": "ubuntu",
      "provider": "provider[\"registry.terraform.io/hashicorp/aws\"]",
      "instances": [
        {
          "schema_version": 0,
          "attributes": {
            "architecture": "x86_64",
            "arn": "arn:aws:ec2:us-west-2::image/ami-01f8a74810b880125",
            "block_device_mappings": [
              {
                "device_name": "/dev/sda1",
                "ebs": {
                  "delete_on_termination": "true",
                  "encrypted": "false",
                  "iops": "0",
                  "snapshot_id": "snap-0481d0897a80df409",
                  "throughput": "0",
                  "volume_size": "8",
                  "volume_type": "gp2"
                },
                "no_device": "",
                "virtual_name": ""
              },
              {
                "device_name": "/dev/sdb",
                "ebs": {},
                "no_device": "",
                "virtual_name": "ephemeral0"
              },
              {
                "device_name": "/dev/sdc",
                "ebs": {},
                "no_device": "",
                "virtual_name": "ephemeral1"
              }
            ],
            "boot_mode": "legacy-bios",
            "creation_date": "2023-06-16T23:32:15.000Z",
            "deprecation_time": "2025-06-16T23:32:15.000Z",
            "description": "Canonical, Ubuntu, 20.04 LTS, amd64 focal image build on 2023-06-16",
            "ena_support": true,
            "executable_users": null,
            "filter": [
              {
                "name": "name",
                "values": [
                  "ubuntu/images/hvm-ssd/ubuntu-focal-20.04-amd64-server-*"
                ]
              }
            ],
            "hypervisor": "xen",
            "id": "ami-01f8a74810b880125",
            "image_id": "ami-01f8a74810b880125",
            "image_location": "amazon/ubuntu/images/hvm-ssd/ubuntu-focal-20.04-amd64-server-20230616",
            "image_owner_alias": "amazon",
            "image_type": "machine",
            "imds_support": "",
            "include_deprecated": false,
            "kernel_id": "",
            "most_recent": true,
            "name": "ubuntu/images/hvm-ssd/ubuntu-focal-20.04-amd64-server-20230616",
            "name_regex": null,
            "owner_id": "099720109477",
            "owners": [
              "099720109477"
            ],
            "platform": "",
            "platform_details": "Linux/UNIX",
            "product_codes": [],
            "public": true,
            "ramdisk_id": "",
            "root_device_name": "/dev/sda1",
            "root_device_type": "ebs",
            "root_snapshot_id": "snap-0481d0897a80df409",
            "sriov_net_support": "simple",
            "state": "available",
            "state_reason": {
              "code": "UNSET",
              "message": "UNSET"
            },
            "tags": {},
            "timeouts": null,
            "tpm_support": "",
            "usage_operation": "RunInstances",
            "virtualization_type": "hvm"
          },
          "sensitive_attributes": []
        }
      ]
    },
    {
      "mode": "managed",
      "type": "aws_instance",
      "name": "ansible_server",
      "provider": "provider[\"registry.terraform.io/hashicorp/aws\"]",
      "instances": [
        {
          "schema_version": 1,
          "attributes": {
            "ami": "ami-01f8a74810b880125",
            "arn": "arn:aws:ec2:us-west-2:601419317452:instance/i-0af44d4f025c0106a",
            "associate_public_ip_address": true,
            "availability_zone": "us-west-2c",
            "capacity_reservation_specification": [
              {
                "capacity_reservation_preference": "open",
                "capacity_reservation_target": []
              }
            ],
            "cpu_core_count": 1,
            "cpu_options": [
              {
                "amd_sev_snp": "",
                "core_count": 1,
                "threads_per_core": 2
              }
            ],
            "cpu_threads_per_core": 2,
            "credit_specification": [
              {
                "cpu_credits": "unlimited"
              }
            ],
            "disable_api_stop": false,
            "disable_api_termination": false,
            "ebs_block_device": [],
            "ebs_optimized": false,
            "enclave_options": [
              {
                "enabled": false
              }
            ],
            "ephemeral_block_device": [],
            "get_password_data": false,
            "hibernation": false,
            "host_id": "",
            "host_resource_group_arn": null,
            "iam_instance_profile": "",
            "id": "i-0af44d4f025c0106a",
            "instance_initiated_shutdown_behavior": "stop",
            "instance_lifecycle": "",
            "instance_market_options": [],
            "instance_state": "running",
            "instance_type": "t3.micro",
            "ipv6_address_count": 0,
            "ipv6_addresses": [],
            "key_name": "ansible",
            "launch_template": [],
            "maintenance_options": [
              {
                "auto_recovery": "default"
              }
            ],
            "metadata_options": [
              {
                "http_endpoint": "enabled",
                "http_put_response_hop_limit": 1,
                "http_tokens": "optional",
                "instance_metadata_tags": "disabled"
              }
            ],
            "monitoring": false,
            "network_interface": [],
            "outpost_arn": "",
            "password_data": "",
            "placement_group": "",
            "placement_partition_number": 0,
            "primary_network_interface_id": "eni-055518ddb88566783",
            "private_dns": "ip-172-31-9-150.us-west-2.compute.internal",
            "private_dns_name_options": [
              {
                "enable_resource_name_dns_a_record": false,
                "enable_resource_name_dns_aaaa_record": false,
                "hostname_type": "ip-name"
              }
            ],
            "private_ip": "172.31.9.150",
            "public_dns": "ec2-18-237-45-11.us-west-2.compute.amazonaws.com",
            "public_ip": "18.237.45.11",
            "root_block_device": [
              {
                "delete_on_termination": true,
                "device_name": "/dev/sda1",
                "encrypted": false,
                "iops": 100,
                "kms_key_id": "",
                "tags": {},
                "throughput": 0,
                "volume_id": "vol-0442c854e2b329829",
                "volume_size": 8,
                "volume_type": "gp2"
              }
            ],
            "secondary_private_ips": [],
            "security_groups": [
              "terraform-20230621081823775000000001"
            ],
            "source_dest_check": true,
            "spot_instance_request_id": "",
            "subnet_id": "subnet-0bdb23acea0ad0149",
            "tags": {
              "Name": "Ansible Server"
            },
            "tags_all": {
              "Name": "Ansible Server"
            },
            "tenancy": "default",
            "timeouts": null,
            "user_data": null,
            "user_data_base64": null,
            "user_data_replace_on_change": false,
            "volume_tags": null,
            "vpc_security_group_ids": [
              "sg-0ae4b831884c356d7"
            ]
          },
          "sensitive_attributes": [],
          "private": "eyJlMmJmYjczMC1lY2FhLTExZTYtOGY4OC0zNDM2M2JjN2M0YzAiOnsiY3JlYXRlIjo2MDAwMDAwMDAwMDAsImRlbGV0ZSI6MTIwMDAwMDAwMDAwMCwidXBkYXRlIjo2MDAwMDAwMDAwMDB9LCJzY2hlbWFfdmVyc2lvbiI6IjEifQ==",
          "dependencies": [
            "aws_key_pair.key_pair",
            "aws_security_group.allow_ssh",
            "data.aws_ami.ubuntu",
            "tls_private_key.key"
          ]
        }
      ]
    },
    {
      "mode": "managed",
      "type": "aws_key_pair",
      "name": "key_pair",
      "provider": "provider[\"registry.terraform.io/hashicorp/aws\"]",
      "instances": [
        {
          "schema_version": 1,
          "attributes": {
            "arn": "arn:aws:ec2:us-west-2:601419317452:key-pair/ansible",
            "fingerprint": "c6:2d:4a:53:8d:c9:12:ae:5e:7a:99:1b:c7:d3:b4:ab",
            "id": "ansible",
            "key_name": "ansible",
            "key_name_prefix": "",
            "key_pair_id": "key-05e9a02dd90ff4ffc",
            "key_type": "rsa",
            "public_key": "ssh-rsa AAAAB3NzaC1yc2EAAAADAQABAAABAQDM/GjnHRR+Nc3Q67YZri1gErupI/s2tCoPV3e27QTs4K7D1qa0KjZBoXxGW4KhNjRHK3fot4V4t0aKTwM52agd3NWnRWqBn+Ukc56JGBvbksB9GI7RmrXA8dctgaJTo+ZzC2QChOaWctqMVQ7MGnAyJ4HKk/D1vBYxQA/BUKzfJSqOM/3GTr+AbNUjZPKKLdeyjoJm5aEohL7paaL3OUHsR+yIwUZSR+f35PnyRATq/CNtENjPkhu50s2Zr2CK/Z7cnbRiv/FLmqFcI+lafkibOrKqXI6UwRBPplT42ZPLsSCu8MzF/PD+f7xcSylWDHW9FdDVRGdSNKnD4n7RtjX1",
            "tags": {},
            "tags_all": {}
          },
          "sensitive_attributes": [],
          "private": "eyJzY2hlbWFfdmVyc2lvbiI6IjEifQ==",
          "dependencies": [
            "tls_private_key.key"
          ]
        }
      ]
    },
    {
      "mode": "managed",
      "type": "aws_security_group",
      "name": "allow_ssh",
      "provider": "provider[\"registry.terraform.io/hashicorp/aws\"]",
      "instances": [
        {
          "schema_version": 1,
          "attributes": {
            "arn": "arn:aws:ec2:us-west-2:601419317452:security-group/sg-0ae4b831884c356d7",
            "description": "Managed by Terraform",
            "egress": [
              {
                "cidr_blocks": [
                  "0.0.0.0/0"
                ],
                "description": "",
                "from_port": 0,
                "ipv6_cidr_blocks": [],
                "prefix_list_ids": [],
                "protocol": "-1",
                "security_groups": [],
                "self": false,
                "to_port": 0
              }
            ],
            "id": "sg-0ae4b831884c356d7",
            "ingress": [
              {
                "cidr_blocks": [
                  "0.0.0.0/0"
                ],
                "description": "",
                "from_port": 22,
                "ipv6_cidr_blocks": [],
                "prefix_list_ids": [],
                "protocol": "tcp",
                "security_groups": [],
                "self": false,
                "to_port": 22
              },
              {
                "cidr_blocks": [
                  "0.0.0.0/0"
                ],
                "description": "",
                "from_port": 80,
                "ipv6_cidr_blocks": [],
                "prefix_list_ids": [],
                "protocol": "tcp",
                "security_groups": [],
                "self": false,
                "to_port": 80
              }
            ],
            "name": "terraform-20230621081823775000000001",
            "name_prefix": "terraform-",
            "owner_id": "601419317452",
            "revoke_rules_on_delete": false,
            "tags": {},
            "tags_all": {},
            "timeouts": null,
            "vpc_id": "vpc-0c132ab59e4ac4505"
          },
          "sensitive_attributes": [],
          "private": "eyJlMmJmYjczMC1lY2FhLTExZTYtOGY4OC0zNDM2M2JjN2M0YzAiOnsiY3JlYXRlIjo2MDAwMDAwMDAwMDAsImRlbGV0ZSI6OTAwMDAwMDAwMDAwfSwic2NoZW1hX3ZlcnNpb24iOiIxIn0="
        }
      ]
    },
    {
      "mode": "managed",
      "type": "tls_private_key",
      "name": "key",
      "provider": "provider[\"registry.terraform.io/hashicorp/tls\"]",
      "instances": [
        {
          "schema_version": 1,
          "attributes": {
            "algorithm": "RSA",
            "ecdsa_curve": "P224",
            "id": "595ed40b21786c884c6bf9e6d1ebbbca5bd6e82e",
            "private_key_openssh": "-----BEGIN OPENSSH PRIVATE KEY-----\nb3BlbnNzaC1rZXktdjEAAAAABG5vbmUAAAAEbm9uZQAAAAAAAAABAAABFwAAAAdz\nc2gtcnNhAAAAAwEAAQAAAQEAzPxo5x0UfjXN0Ou2Ga4tYBK7qSP7NrQqD1d3tu0E\n7OCuw9amtCo2QaF8RluCoTY0Ryt36LeFeLdGik8DOdmoHdzVp0VqgZ/lJHOeiRgb\n25LAfRiO0Zq1wPHXLYGiU6PmcwtkAoTmlnLajFUOzBpwMieBypPw9bwWMUAPwVCs\n3yUqjjP9xk6/gGzVI2Tyii3Xso6CZuWhKIS+6Wmi9zlB7EfsiMFGUkfn9+T58kQE\n6vwjbRDYz5IbudLNma9giv2e3J20Yr/xS5qhXCPpWn5ImzqyqlyOlMEQT6ZU+NmT\ny7EgrvDMxfzw/n+8XEspVgx1vRXQ1URnUjSpw+J+0bY19QAAA7gkf6EXJH+hFwAA\nAAdzc2gtcnNhAAABAQDM/GjnHRR+Nc3Q67YZri1gErupI/s2tCoPV3e27QTs4K7D\n1qa0KjZBoXxGW4KhNjRHK3fot4V4t0aKTwM52agd3NWnRWqBn+Ukc56JGBvbksB9\nGI7RmrXA8dctgaJTo+ZzC2QChOaWctqMVQ7MGnAyJ4HKk/D1vBYxQA/BUKzfJSqO\nM/3GTr+AbNUjZPKKLdeyjoJm5aEohL7paaL3OUHsR+yIwUZSR+f35PnyRATq/CNt\nENjPkhu50s2Zr2CK/Z7cnbRiv/FLmqFcI+lafkibOrKqXI6UwRBPplT42ZPLsSCu\n8MzF/PD+f7xcSylWDHW9FdDVRGdSNKnD4n7RtjX1AAAAAwEAAQAAAQBgKSitAp9S\ndbsPfwP2GBeBMkiGmDKI/wucFtQ6JAZjeSODC3c4nXTGZRL/jn5BUkRD/shJi445\niwC0cUx6HvkWyToRNic4l+HOr853Ua//2WAjTxnwijspQEpJNr8HraO15GoOJHpn\nqYmMu3otlVl8rbvdZHltTca7Y+oALfBq3RUX+sYvmuk4MEU5z94FbybDuUuG/jST\nE8dUFu4B1NdorGW8yrcISRaVQjh29xn/J9ltk/Lnc4rFOsAuxiKEfkmnwaCa95+9\n5Ro0cdpKyKhQT84ZCEP+auIqQwdlKMPLkVIPGZDBrp5AkVILGMDiisg7UC/nx0IY\niEc30K/lmmEBAAAAgQDJ4GEDjn3ogMdSAfg0iQy6KkIJvWCJYceHJxwA1LoPSHeO\ntyri7+7biAKfxROAs/dmBNgSaZzKOM9CjTonHe2U7yqTr6N+ChVOqS2g2/uvpr2h\nj12ngC3rqyYMluw/l4+QaY+s1bhVg0tYFaguuxgSKjnAAfIlkM9pAFvm0q6UBQAA\nAIEA9gRrGQUFn0Z+BjcBE+/nQ2TG56OAG4l1tISGJ1dCDVRoyBzo80zGH/clCaIu\nSN3PBfRmndco7uKCs+b8K0m1gZm4GJAU0rfcfbmMuPPXm+bR54/n3X9H7kNbLRcO\n/qCVbRskc54UAZOhK5OLvOMVi9weC1KQyfnx+eB1rdKwKUkAAACBANVNxBzTIRVo\nrxRilrKo0jw3IVc2sSqddQHvZRj2V1Hso+9i2SiQIYhVRus9gMa5bSB9jLdPwWvJ\nE/gLgubT5M6sHuTtchMj2z+7zcHIN4kf25VnrQF/qo5jHaTqhDrNiebd+gwORLsQ\nrT++dz8wuBKprJp6UK0iWXiqAQlMvnNNAAAAAAEC\n-----END OPENSSH PRIVATE KEY-----\n",
            "private_key_pem": "-----BEGIN RSA PRIVATE KEY-----\nMIIEpAIBAAKCAQEAzPxo5x0UfjXN0Ou2Ga4tYBK7qSP7NrQqD1d3tu0E7OCuw9am\ntCo2QaF8RluCoTY0Ryt36LeFeLdGik8DOdmoHdzVp0VqgZ/lJHOeiRgb25LAfRiO\n0Zq1wPHXLYGiU6PmcwtkAoTmlnLajFUOzBpwMieBypPw9bwWMUAPwVCs3yUqjjP9\nxk6/gGzVI2Tyii3Xso6CZuWhKIS+6Wmi9zlB7EfsiMFGUkfn9+T58kQE6vwjbRDY\nz5IbudLNma9giv2e3J20Yr/xS5qhXCPpWn5ImzqyqlyOlMEQT6ZU+NmTy7EgrvDM\nxfzw/n+8XEspVgx1vRXQ1URnUjSpw+J+0bY19QIDAQABAoIBAGApKK0Cn1J1uw9/\nA/YYF4EySIaYMoj/C5wW1DokBmN5I4MLdziddMZlEv+OfkFSREP+yEmLjjmLALRx\nTHoe+RbJOhE2JziX4c6vzndRr//ZYCNPGfCKOylASkk2vweto7Xkag4kemepiYy7\nei2VWXytu91keW1Nxrtj6gAt8GrdFRf6xi+a6TgwRTnP3gVvJsO5S4b+NJMTx1QW\n7gHU12isZbzKtwhJFpVCOHb3Gf8n2W2T8udzisU6wC7GIoR+SafBoJr3n73lGjRx\n2krIqFBPzhkIQ/5q4ipDB2Uow8uRUg8ZkMGunkCRUgsYwOKKyDtQL+fHQhiIRzfQ\nr+WaYQECgYEA9gRrGQUFn0Z+BjcBE+/nQ2TG56OAG4l1tISGJ1dCDVRoyBzo80zG\nH/clCaIuSN3PBfRmndco7uKCs+b8K0m1gZm4GJAU0rfcfbmMuPPXm+bR54/n3X9H\n7kNbLRcO/qCVbRskc54UAZOhK5OLvOMVi9weC1KQyfnx+eB1rdKwKUkCgYEA1U3E\nHNMhFWivFGKWsqjSPDchVzaxKp11Ae9lGPZXUeyj72LZKJAhiFVG6z2AxrltIH2M\nt0/Ba8kT+AuC5tPkzqwe5O1yEyPbP7vNwcg3iR/blWetAX+qjmMdpOqEOs2J5t36\nDA5EuxCtP753PzC4EqmsmnpQrSJZeKoBCUy+c00CgYEA6i9gh2uJY4ml02KuqvzW\nZwfac4vnGc9q9VClp3Nfk/LC36LteRSfELShVB9G8eP6+s8gk6XJ+EQ0aO47IzXC\nCsF6Rh95QvD0edWUCEdN+cDqFQSekfFkVoFVnIFzq5zPQRHyTACxSKLwa9vCzCZa\nT01UaDDLVQiRd+xb+QAy4skCgYBKM2k7Vb62gdoVz035DH1F8S+p9R6gYnHnoG2c\nx2UM3LMSfWJpl+nyUSgAgT6g4rQxjzs6MYZphmNp8CczQRbhRkLhBDCgs+J7Q0uK\nU6nuC6UJTi2CzfR438XaLrKc+g80vpdTRktmf6ClAg7dboc6BshCXLZf5AkXzpvZ\nrla6KQKBgQDJ4GEDjn3ogMdSAfg0iQy6KkIJvWCJYceHJxwA1LoPSHeOtyri7+7b\niAKfxROAs/dmBNgSaZzKOM9CjTonHe2U7yqTr6N+ChVOqS2g2/uvpr2hj12ngC3r\nqyYMluw/l4+QaY+s1bhVg0tYFaguuxgSKjnAAfIlkM9pAFvm0q6UBQ==\n-----END RSA PRIVATE KEY-----\n",
            "private_key_pem_pkcs8": "-----BEGIN PRIVATE KEY-----\nMIIEvgIBADANBgkqhkiG9w0BAQEFAASCBKgwggSkAgEAAoIBAQDM/GjnHRR+Nc3Q\n67YZri1gErupI/s2tCoPV3e27QTs4K7D1qa0KjZBoXxGW4KhNjRHK3fot4V4t0aK\nTwM52agd3NWnRWqBn+Ukc56JGBvbksB9GI7RmrXA8dctgaJTo+ZzC2QChOaWctqM\nVQ7MGnAyJ4HKk/D1vBYxQA/BUKzfJSqOM/3GTr+AbNUjZPKKLdeyjoJm5aEohL7p\naaL3OUHsR+yIwUZSR+f35PnyRATq/CNtENjPkhu50s2Zr2CK/Z7cnbRiv/FLmqFc\nI+lafkibOrKqXI6UwRBPplT42ZPLsSCu8MzF/PD+f7xcSylWDHW9FdDVRGdSNKnD\n4n7RtjX1AgMBAAECggEAYCkorQKfUnW7D38D9hgXgTJIhpgyiP8LnBbUOiQGY3kj\ngwt3OJ10xmUS/45+QVJEQ/7ISYuOOYsAtHFMeh75Fsk6ETYnOJfhzq/Od1Gv/9lg\nI08Z8Io7KUBKSTa/B62jteRqDiR6Z6mJjLt6LZVZfK273WR5bU3Gu2PqAC3wat0V\nF/rGL5rpODBFOc/eBW8mw7lLhv40kxPHVBbuAdTXaKxlvMq3CEkWlUI4dvcZ/yfZ\nbZPy53OKxTrALsYihH5Jp8GgmvefveUaNHHaSsioUE/OGQhD/mriKkMHZSjDy5FS\nDxmQwa6eQJFSCxjA4orIO1Av58dCGIhHN9Cv5ZphAQKBgQD2BGsZBQWfRn4GNwET\n7+dDZMbno4AbiXW0hIYnV0INVGjIHOjzTMYf9yUJoi5I3c8F9Gad1yju4oKz5vwr\nSbWBmbgYkBTSt9x9uYy489eb5tHnj+fdf0fuQ1stFw7+oJVtGyRznhQBk6Erk4u8\n4xWL3B4LUpDJ+fH54HWt0rApSQKBgQDVTcQc0yEVaK8UYpayqNI8NyFXNrEqnXUB\n72UY9ldR7KPvYtkokCGIVUbrPYDGuW0gfYy3T8FryRP4C4Lm0+TOrB7k7XITI9s/\nu83ByDeJH9uVZ60Bf6qOYx2k6oQ6zYnm3foMDkS7EK0/vnc/MLgSqayaelCtIll4\nqgEJTL5zTQKBgQDqL2CHa4ljiaXTYq6q/NZnB9pzi+cZz2r1UKWnc1+T8sLfou15\nFJ8QtKFUH0bx4/r6zyCTpcn4RDRo7jsjNcIKwXpGH3lC8PR51ZQIR035wOoVBJ6R\n8WRWgVWcgXOrnM9BEfJMALFIovBr28LMJlpPTVRoMMtVCJF37Fv5ADLiyQKBgEoz\naTtVvraB2hXPTfkMfUXxL6n1HqBiceegbZzHZQzcsxJ9YmmX6fJRKACBPqDitDGP\nOzoxhmmGY2nwJzNBFuFGQuEEMKCz4ntDS4pTqe4LpQlOLYLN9Hjfxdouspz6DzS+\nl1NGS2Z/oKUCDt1uhzoGyEJctl/kCRfOm9muVropAoGBAMngYQOOfeiAx1IB+DSJ\nDLoqQgm9YIlhx4cnHADUug9Id463KuLv7tuIAp/FE4Cz92YE2BJpnMo4z0KNOicd\n7ZTvKpOvo34KFU6pLaDb+6+mvaGPXaeALeurJgyW7D+Xj5Bpj6zVuFWDS1gVqC67\nGBIqOcAB8iWQz2kAW+bSrpQF\n-----END PRIVATE KEY-----\n",
            "public_key_fingerprint_md5": "3e:8d:6c:29:29:ae:36:7d:f9:57:2f:80:16:4a:b3:44",
            "public_key_fingerprint_sha256": "SHA256:hoEfy8V3UBsUpwGk60r0iDkfBjjBPzaePZR+c7Kx468",
            "public_key_openssh": "ssh-rsa AAAAB3NzaC1yc2EAAAADAQABAAABAQDM/GjnHRR+Nc3Q67YZri1gErupI/s2tCoPV3e27QTs4K7D1qa0KjZBoXxGW4KhNjRHK3fot4V4t0aKTwM52agd3NWnRWqBn+Ukc56JGBvbksB9GI7RmrXA8dctgaJTo+ZzC2QChOaWctqMVQ7MGnAyJ4HKk/D1vBYxQA/BUKzfJSqOM/3GTr+AbNUjZPKKLdeyjoJm5aEohL7paaL3OUHsR+yIwUZSR+f35PnyRATq/CNtENjPkhu50s2Zr2CK/Z7cnbRiv/FLmqFcI+lafkibOrKqXI6UwRBPplT42ZPLsSCu8MzF/PD+f7xcSylWDHW9FdDVRGdSNKnD4n7RtjX1\n",
            "public_key_pem": "-----BEGIN PUBLIC KEY-----\nMIIBIjANBgkqhkiG9w0BAQEFAAOCAQ8AMIIBCgKCAQEAzPxo5x0UfjXN0Ou2Ga4t\nYBK7qSP7NrQqD1d3tu0E7OCuw9amtCo2QaF8RluCoTY0Ryt36LeFeLdGik8DOdmo\nHdzVp0VqgZ/lJHOeiRgb25LAfRiO0Zq1wPHXLYGiU6PmcwtkAoTmlnLajFUOzBpw\nMieBypPw9bwWMUAPwVCs3yUqjjP9xk6/gGzVI2Tyii3Xso6CZuWhKIS+6Wmi9zlB\n7EfsiMFGUkfn9+T58kQE6vwjbRDYz5IbudLNma9giv2e3J20Yr/xS5qhXCPpWn5I\nmzqyqlyOlMEQT6ZU+NmTy7EgrvDMxfzw/n+8XEspVgx1vRXQ1URnUjSpw+J+0bY1\n9QIDAQAB\n-----END PUBLIC KEY-----\n",
            "rsa_bits": 2048
          },
          "sensitive_attributes": []
        }
      ]
    }
  ],
  "check_results": null
}
